// !$*UTF8*$!
{
	archiveVersion = 1;
	classes = {
	};
	objectVersion = 77;
	objects = {

/* Begin PBXBuildFile section */
		FLIPBFAPP001000000000001 /* MiriamApp.swift in Sources */ = {isa = PBXBuildFile; fileRef = FLIPFRAPP00100000000001 /* MiriamApp.swift */; };
		FLIPBFAPP002000000000001 /* ContentView.swift in Sources */ = {isa = PBXBuildFile; fileRef = FLIPFRAPP00200000000001 /* ContentView.swift */; };
		FLIPBFAPPEX01000000000001 /* MiriamMessages.appex in Embed App Extensions */ = {isa = PBXBuildFile; fileRef = FLIPFRPROD0200000000001 /* MiriamMessages.appex */; settings = {ATTRIBUTES = (RemoveHeadersOnCopy, ); }; };
		FLIPBFEXT001000000000001 /* MessagesViewController.swift in Sources */ = {isa = PBXBuildFile; fileRef = FLIPFREXT00100000000001 /* MessagesViewController.swift */; };
		FLIPBFEXT002000000000001 /* ConfirmAPI.swift in Sources */ = {isa = PBXBuildFile; fileRef = FLIPFREXT00200000000001 /* ConfirmAPI.swift */; };
		FLIPBFEXT003000000000001 /* PasskeyAuth.swift in Sources */ = {isa = PBXBuildFile; fileRef = FLIPFREXT00300000000001 /* PasskeyAuth.swift */; };
		FLIPBFEXT004000000000001 /* KeychainRef.swift in Sources */ = {isa = PBXBuildFile; fileRef = FLIPFREXT00400000000001 /* KeychainRef.swift */; };
		FLIPBFTST001000000000001 /* ConfirmAPI.swift in Sources */ = {isa = PBXBuildFile; fileRef = FLIPFREXT00200000000001 /* ConfirmAPI.swift */; };
		FLIPBFTST002000000000001 /* ConfirmAPITests.swift in Sources */ = {isa = PBXBuildFile; fileRef = FLIPFRTST00100000000001 /* ConfirmAPITests.swift */; };
/* End PBXBuildFile section */

/* Begin PBXContainerItemProxy section */
		FLIPDEPTST02000000000001 /* PBXContainerItemProxy */ = {
			isa = PBXContainerItemProxy;
			containerPortal = FLIPPROJ00000000000001 /* Project object */;
			proxyType = 1;
			remoteGlobalIDString = FLIPTARGEXT0000000001;
			remoteInfo = MiriamMessages;
		};
		FLIPPXAPP001000000000001 /* PBXContainerItemProxy */ = {
			isa = PBXContainerItemProxy;
			containerPortal = FLIPPROJ00000000000001 /* Project object */;
			proxyType = 1;
			remoteGlobalIDString = FLIPTARGEXT0000000001;
			remoteInfo = MiriamMessages;
		};
/* End PBXContainerItemProxy section */

/* Begin PBXCopyFilesBuildPhase section */
		FLIPCFAPP001000000000001 /* Embed App Extensions */ = {
			isa = PBXCopyFilesBuildPhase;
			buildActionMask = 2147483647;
			dstPath = "";
			dstSubfolderSpec = 13;
			files = (
				FLIPBFAPPEX01000000000001 /* MiriamMessages.appex in Embed App Extensions */,
			);
			name = "Embed App Extensions";
			runOnlyForDeploymentPostprocessing = 0;
		};
/* End PBXCopyFilesBuildPhase section */

/* Begin PBXFileReference section */
		FLIPFRAPP00100000000001 /* MiriamApp.swift */ = {isa = PBXFileReference; lastKnownFileType = sourcecode.swift; path = MiriamApp.swift; sourceTree = "<group>"; };
		FLIPFRAPP00200000000001 /* ContentView.swift */ = {isa = PBXFileReference; lastKnownFileType = sourcecode.swift; path = ContentView.swift; sourceTree = "<group>"; };
		FLIPFRAPPENT000000000001 /* Miriam.entitlements */ = {isa = PBXFileReference; lastKnownFileType = text.plist.entitlements; path = Miriam.entitlements; sourceTree = "<group>"; };
		FLIPFRAPPINFO00000000001 /* Info.plist */ = {isa = PBXFileReference; lastKnownFileType = text.plist.xml; path = Info.plist; sourceTree = "<group>"; };
		FLIPFRCFG001000000000001 /* Config.xcconfig */ = {isa = PBXFileReference; lastKnownFileType = text.xcconfig; path = Config.xcconfig; sourceTree = "<group>"; };
		FLIPFREXT00100000000001 /* MessagesViewController.swift */ = {isa = PBXFileReference; lastKnownFileType = sourcecode.swift; path = MessagesViewController.swift; sourceTree = "<group>"; };
		FLIPFREXT00200000000001 /* ConfirmAPI.swift */ = {isa = PBXFileReference; lastKnownFileType = sourcecode.swift; path = ConfirmAPI.swift; sourceTree = "<group>"; };
		FLIPFREXT00300000000001 /* PasskeyAuth.swift */ = {isa = PBXFileReference; lastKnownFileType = sourcecode.swift; path = PasskeyAuth.swift; sourceTree = "<group>"; };
		FLIPFREXT00400000000001 /* KeychainRef.swift */ = {isa = PBXFileReference; lastKnownFileType = sourcecode.swift; path = KeychainRef.swift; sourceTree = "<group>"; };
		FLIPFREXTENT000000000001 /* MiriamMessages.entitlements */ = {isa = PBXFileReference; lastKnownFileType = text.plist.entitlements; path = MiriamMessages.entitlements; sourceTree = "<group>"; };
		FLIPFREXTINFO00000000001 /* Info.plist */ = {isa = PBXFileReference; lastKnownFileType = text.plist.xml; path = Info.plist; sourceTree = "<group>"; };
		FLIPFRPROD0100000000001 /* Miriam.app */ = {isa = PBXFileReference; explicitFileType = wrapper.application; includeInIndex = 0; path = Miriam.app; sourceTree = BUILT_PRODUCTS_DIR; };
		FLIPFRPROD0200000000001 /* MiriamMessages.appex */ = {isa = PBXFileReference; explicitFileType = "wrapper.app-extension"; includeInIndex = 0; path = MiriamMessages.appex; sourceTree = BUILT_PRODUCTS_DIR; };
		FLIPFRPROD0300000000001 /* MiriamMessagesTests.xctest */ = {isa = PBXFileReference; explicitFileType = wrapper.cfbundle; includeInIndex = 0; path = MiriamMessagesTests.xctest; sourceTree = BUILT_PRODUCTS_DIR; };
		FLIPFRTST00100000000001 /* ConfirmAPITests.swift */ = {isa = PBXFileReference; lastKnownFileType = sourcecode.swift; path = ConfirmAPITests.swift; sourceTree = "<group>"; };
		FLIPFRTSTINFO00000000001 /* Info.plist */ = {isa = PBXFileReference; lastKnownFileType = text.plist.xml; path = Info.plist; sourceTree = "<group>"; };
/* End PBXFileReference section */

/* Begin PBXFrameworksBuildPhase section */
		FLIPFWAPP001000000000001 /* Frameworks */ = {
			isa = PBXFrameworksBuildPhase;
			buildActionMask = 2147483647;
			files = (
			);
			runOnlyForDeploymentPostprocessing = 0;
		};
		FLIPFWEXT001000000000001 /* Frameworks */ = {
			isa = PBXFrameworksBuildPhase;
			buildActionMask = 2147483647;
			files = (
			);
			runOnlyForDeploymentPostprocessing = 0;
		};
		FLIPFWTST001000000000001 /* Frameworks */ = {
			isa = PBXFrameworksBuildPhase;
			buildActionMask = 2147483647;
			files = (
			);
			runOnlyForDeploymentPostprocessing = 0;
		};
/* End PBXFrameworksBuildPhase section */

/* Begin PBXGroup section */
		FLIPGRPAPP00000000000001 /* MiriamApp */ = {
			isa = PBXGroup;
			children = (
				FLIPFRAPP00100000000001 /* MiriamApp.swift */,
				FLIPFRAPP00200000000001 /* ContentView.swift */,
				FLIPFRAPPINFO00000000001 /* Info.plist */,
				FLIPFRAPPENT000000000001 /* Miriam.entitlements */,
			);
			path = MiriamApp;
			sourceTree = "<group>";
		};
		FLIPGRPEXT00000000000001 /* MiriamMessages */ = {
			isa = PBXGroup;
			children = (
				FLIPFREXT00100000000001 /* MessagesViewController.swift */,
				FLIPFREXT00200000000001 /* ConfirmAPI.swift */,
				FLIPFREXT00300000000001 /* PasskeyAuth.swift */,
				FLIPFREXT00400000000001 /* KeychainRef.swift */,
				FLIPFREXTINFO00000000001 /* Info.plist */,
				FLIPFREXTENT000000000001 /* MiriamMessages.entitlements */,
			);
			path = MiriamMessages;
			sourceTree = "<group>";
		};
		FLIPGRPMAIN0000000000001 = {
			isa = PBXGroup;
			children = (
				FLIPFRCFG001000000000001 /* Config.xcconfig */,
				FLIPGRPPROD0000000000001 /* Products */,
				FLIPGRPAPP00000000000001 /* MiriamApp */,
				FLIPGRPEXT00000000000001 /* MiriamMessages */,
				FLIPGRPTST00000000000001 /* MiriamMessagesTests */,
			);
			sourceTree = "<group>";
		};
		FLIPGRPPROD0000000000001 /* Products */ = {
			isa = PBXGroup;
			children = (
				FLIPFRPROD0100000000001 /* Miriam.app */,
				FLIPFRPROD0200000000001 /* MiriamMessages.appex */,
				FLIPFRPROD0300000000001 /* MiriamMessagesTests.xctest */,
			);
			name = Products;
			sourceTree = "<group>";
		};
		FLIPGRPTST00000000000001 /* MiriamMessagesTests */ = {
			isa = PBXGroup;
			children = (
				FLIPFRTST00100000000001 /* ConfirmAPITests.swift */,
				FLIPFRTSTINFO00000000001 /* Info.plist */,
			);
			path = MiriamMessagesTests;
			sourceTree = "<group>";
		};
/* End PBXGroup section */

/* Begin PBXNativeTarget section */
		FLIPTARGAPP0000000001 /* Miriam */ = {
			isa = PBXNativeTarget;
			buildConfigurationList = FLIPLSTAPP000000000001 /* Build configuration list for PBXNativeTarget "Miriam" */;
			buildPhases = (
				FLIPSRAPP001000000000001 /* Sources */,
				FLIPFWAPP001000000000001 /* Frameworks */,
				FLIPCFAPP001000000000001 /* Embed App Extensions */,
			);
			buildRules = (
			);
			dependencies = (
				FLIPDEPAPP01000000000001 /* PBXTargetDependency */,
			);
			name = Miriam;
			packageProductDependencies = (
			);
			productName = Miriam;
			productReference = FLIPFRPROD0100000000001 /* Miriam.app */;
			productType = "com.apple.product-type.application";
		};
		FLIPTARGEXT0000000001 /* MiriamMessages */ = {
			isa = PBXNativeTarget;
			buildConfigurationList = FLIPLSTEXT000000000001 /* Build configuration list for PBXNativeTarget "MiriamMessages" */;
			buildPhases = (
				FLIPSREXT001000000000001 /* Sources */,
				FLIPFWEXT001000000000001 /* Frameworks */,
			);
			buildRules = (
			);
			dependencies = (
			);
			name = MiriamMessages;
			packageProductDependencies = (
			);
			productName = MiriamMessages;
			productReference = FLIPFRPROD0200000000001 /* MiriamMessages.appex */;
			productType = "com.apple.product-type.app-extension";
		};
		FLIPTARGTST0000000001 /* MiriamMessagesTests */ = {
			isa = PBXNativeTarget;
			buildConfigurationList = FLIPLSTTST000000000001 /* Build configuration list for PBXNativeTarget "MiriamMessagesTests" */;
			buildPhases = (
				FLIPSRTST001000000000001 /* Sources */,
				FLIPFWTST001000000000001 /* Frameworks */,
			);
			buildRules = (
			);
			dependencies = (
				FLIPDEPTST01000000000001 /* PBXTargetDependency */,
			);
			name = MiriamMessagesTests;
			packageProductDependencies = (
			);
			productName = MiriamMessagesTests;
			productReference = FLIPFRPROD0300000000001 /* MiriamMessagesTests.xctest */;
			productType = "com.apple.product-type.bundle.unit-test";
		};
/* End PBXNativeTarget section */

/* Begin PBXProject section */
		FLIPPROJ00000000000001 /* Project object */ = {
			isa = PBXProject;
			attributes = {
				BuildIndependentTargetsInParallel = 1;
				LastSwiftUpdateCheck = 2600;
				TargetAttributes = {
					FLIPTARGAPP0000000001 = {
						CreatedOnToolsVersion = 26.0;
					};
					FLIPTARGEXT0000000001 = {
						CreatedOnToolsVersion = 26.0;
					};
					FLIPTARGTST0000000001 = {
						CreatedOnToolsVersion = 26.0;
						TestTargetID = FLIPTARGEXT0000000001;
					};
				};
			};
			buildConfigurationList = FLIPLSTPROJ000000000001 /* Build configuration list for PBXProject "Miriam" */;
			developmentRegion = en;
			hasScannedForEncodings = 0;
			knownRegions = (
				en,
				Base,
			);
			mainGroup = FLIPGRPMAIN0000000000001;
			preferredProjectObjectVersion = 77;
			productRefGroup = FLIPGRPPROD0000000000001 /* Products */;
			projectDirPath = "";
			projectRoot = "";
			targets = (
				FLIPTARGAPP0000000001 /* Miriam */,
				FLIPTARGEXT0000000001 /* MiriamMessages */,
				FLIPTARGTST0000000001 /* MiriamMessagesTests */,
			);
		};
/* End PBXProject section */

/* Begin PBXSourcesBuildPhase section */
		FLIPSRAPP001000000000001 /* Sources */ = {
			isa = PBXSourcesBuildPhase;
			buildActionMask = 2147483647;
			files = (
				FLIPBFAPP001000000000001 /* MiriamApp.swift in Sources */,
				FLIPBFAPP002000000000001 /* ContentView.swift in Sources */,
			);
			runOnlyForDeploymentPostprocessing = 0;
		};
		FLIPSREXT001000000000001 /* Sources */ = {
			isa = PBXSourcesBuildPhase;
			buildActionMask = 2147483647;
			files = (
				FLIPBFEXT001000000000001 /* MessagesViewController.swift in Sources */,
				FLIPBFEXT002000000000001 /* ConfirmAPI.swift in Sources */,
				FLIPBFEXT003000000000001 /* PasskeyAuth.swift in Sources */,
				FLIPBFEXT004000000000001 /* KeychainRef.swift in Sources */,
			);
			runOnlyForDeploymentPostprocessing = 0;
		};
		FLIPSRTST001000000000001 /* Sources */ = {
			isa = PBXSourcesBuildPhase;
			buildActionMask = 2147483647;
			files = (
				FLIPBFTST001000000000001 /* ConfirmAPI.swift in Sources */,
				FLIPBFTST002000000000001 /* ConfirmAPITests.swift in Sources */,
			);
			runOnlyForDeploymentPostprocessing = 0;
		};
/* End PBXSourcesBuildPhase section */

/* Begin PBXTargetDependency section */
		FLIPDEPAPP01000000000001 /* PBXTargetDependency */ = {
			isa = PBXTargetDependency;
			target = FLIPTARGEXT0000000001 /* MiriamMessages */;
			targetProxy = FLIPPXAPP001000000000001 /* PBXContainerItemProxy */;
		};
		FLIPDEPTST01000000000001 /* PBXTargetDependency */ = {
			isa = PBXTargetDependency;
			target = FLIPTARGEXT0000000001 /* MiriamMessages */;
			targetProxy = FLIPDEPTST02000000000001 /* PBXContainerItemProxy */;
		};
/* End PBXTargetDependency section */

/* Begin XCBuildConfiguration section */
		FLIPCFGAPPDBG0000000001 /* Debug */ = {
			isa = XCBuildConfiguration;
			buildSettings = {
				ASSETCATALOG_COMPILER_APPICON_NAME = AppIcon;
				CODE_SIGN_ENTITLEMENTS = MiriamApp/Miriam.entitlements;
				CODE_SIGN_IDENTITY = "Apple Development";
				DEBUG_INFORMATION_FORMAT = dwarf;
				INFOPLIST_FILE = MiriamApp/Info.plist;
				INFOPLIST_KEY_CFBundleDisplayName = Miriam;
				INFOPLIST_KEY_LSApplicationCategoryType = "public.app-category.finance";
				LD_RUNPATH_SEARCH_PATHS = (
					"$(inherited)",
					"@executable_path/Frameworks",
				);
				PRODUCT_BUNDLE_IDENTIFIER = "$(FLIP_HOST_BUNDLE_ID)";
				PRODUCT_BUNDLE_PACKAGE_TYPE = APPL;
				PRODUCT_NAME = "$(TARGET_NAME)";
				SKIP_INSTALL = NO;
				SUPPORTED_PLATFORMS = "iphoneos iphonesimulator";
				SUPPORTS_MACCATALYST = NO;
				SUPPORTS_MAC_DESIGNED_FOR_IPHONE_IPAD = NO;
				SUPPORTS_XR_DESIGNED_FOR_IPHONE_IPAD = NO;
				SWIFT_VERSION = 6.0;
				TARGETED_DEVICE_FAMILY = 1;
			};
			name = Debug;
		};
		FLIPCFGAPPREL0000000001 /* Release */ = {
			isa = XCBuildConfiguration;
			buildSettings = {
				ASSETCATALOG_COMPILER_APPICON_NAME = AppIcon;
				CODE_SIGN_ENTITLEMENTS = MiriamApp/Miriam.entitlements;
				CODE_SIGN_IDENTITY = "Apple Development";
				DEBUG_INFORMATION_FORMAT = "dwarf-with-dsym";
				INFOPLIST_FILE = MiriamApp/Info.plist;
				INFOPLIST_KEY_CFBundleDisplayName = Miriam;
				INFOPLIST_KEY_LSApplicationCategoryType = "public.app-category.finance";
				LD_RUNPATH_SEARCH_PATHS = (
					"$(inherited)",
					"@executable_path/Frameworks",
				);
				PRODUCT_BUNDLE_IDENTIFIER = "$(FLIP_HOST_BUNDLE_ID)";
				PRODUCT_BUNDLE_PACKAGE_TYPE = APPL;
				PRODUCT_NAME = "$(TARGET_NAME)";
				SKIP_INSTALL = NO;
				SUPPORTED_PLATFORMS = "iphoneos iphonesimulator";
				SUPPORTS_MACCATALYST = NO;
				SUPPORTS_MAC_DESIGNED_FOR_IPHONE_IPAD = NO;
				SUPPORTS_XR_DESIGNED_FOR_IPHONE_IPAD = NO;
				SWIFT_VERSION = 6.0;
				TARGETED_DEVICE_FAMILY = 1;
			};
			name = Release;
		};
		FLIPCFGEXTDBG0000000001 /* Debug */ = {
			isa = XCBuildConfiguration;
			buildSettings = {
				APPLICATION_EXTENSION_API_ONLY = YES;
				CODE_SIGN_ENTITLEMENTS = MiriamMessages/MiriamMessages.entitlements;
				CODE_SIGN_IDENTITY = "Apple Development";
				DEBUG_INFORMATION_FORMAT = dwarf;
				INFOPLIST_FILE = MiriamMessages/Info.plist;
				MACH_O_TYPE = mh_bundle;
				PRODUCT_BUNDLE_IDENTIFIER = "$(FLIP_EXTENSION_BUNDLE_ID)";
				PRODUCT_BUNDLE_PACKAGE_TYPE = XPC;
				PRODUCT_NAME = "$(TARGET_NAME)";
				SKIP_INSTALL = YES;
				SWIFT_VERSION = 6.0;
				TARGETED_DEVICE_FAMILY = 1;
				WRAPPER_EXTENSION = appex;
			};
			name = Debug;
		};
		FLIPCFGEXTREL0000000001 /* Release */ = {
			isa = XCBuildConfiguration;
			buildSettings = {
				APPLICATION_EXTENSION_API_ONLY = YES;
				CODE_SIGN_ENTITLEMENTS = MiriamMessages/MiriamMessages.entitlements;
				CODE_SIGN_IDENTITY = "Apple Development";
				DEBUG_INFORMATION_FORMAT = "dwarf-with-dsym";
				INFOPLIST_FILE = MiriamMessages/Info.plist;
				MACH_O_TYPE = mh_bundle;
				PRODUCT_BUNDLE_IDENTIFIER = "$(FLIP_EXTENSION_BUNDLE_ID)";
				PRODUCT_BUNDLE_PACKAGE_TYPE = XPC;
				PRODUCT_NAME = "$(TARGET_NAME)";
				SKIP_INSTALL = YES;
				SWIFT_VERSION = 6.0;
				TARGETED_DEVICE_FAMILY = 1;
				WRAPPER_EXTENSION = appex;
			};
			name = Release;
		};
		FLIPCFGPROJDBG0000000001 /* Debug */ = {
			isa = XCBuildConfiguration;
			baseConfigurationReference = FLIPFRCFG001000000000001 /* Config.xcconfig */;
			buildSettings = {
				ALWAYS_SEARCH_USER_PATHS = NO;
				CLANG_ANALYZER_NONNULL = YES;
				CLANG_WARN_QUOTED_INCLUDE_IN_FRAMEWORK_HEADER = YES;
				CODE_SIGN_STYLE = Automatic;
				CURRENT_PROJECT_VERSION = 1;
				DEBUG_INFORMATION_FORMAT = dwarf;
				DEVELOPMENT_TEAM = A239A6TG6R;
				GCC_OPTIMIZATION_LEVEL = 0;
				IPHONEOS_DEPLOYMENT_TARGET = 17.0;
				MARKETING_VERSION = 1.0;
				ONLY_ACTIVE_ARCH = YES;
				SDKROOT = iphoneos;
				SWIFT_ACTIVE_COMPILATION_CONDITIONS = DEBUG;
				SWIFT_OPTIMIZATION_LEVEL = "-Onone";
			};
			name = Debug;
		};
		FLIPCFGPROJREL0000000001 /* Release */ = {
			isa = XCBuildConfiguration;
			baseConfigurationReference = FLIPFRCFG001000000000001 /* Config.xcconfig */;
			buildSettings = {
				ALWAYS_SEARCH_USER_PATHS = NO;
				CLANG_ANALYZER_NONNULL = YES;
				CLANG_WARN_QUOTED_INCLUDE_IN_FRAMEWORK_HEADER = YES;
				CODE_SIGN_STYLE = Automatic;
				CURRENT_PROJECT_VERSION = 1;
				DEBUG_INFORMATION_FORMAT = "dwarf-with-dsym";
				DEVELOPMENT_TEAM = A239A6TG6R;
				IPHONEOS_DEPLOYMENT_TARGET = 17.0;
				MARKETING_VERSION = 1.0;
				SDKROOT = iphoneos;
				SWIFT_OPTIMIZATION_LEVEL = "-O";
				VALIDATE_PRODUCT = YES;
			};
			name = Release;
		};
		FLIPCFGTSTDBG0000000001 /* Debug */ = {
			isa = XCBuildConfiguration;
			buildSettings = {
				CODE_SIGN_IDENTITY = "Apple Development";
				DEBUG_INFORMATION_FORMAT = dwarf;
				INFOPLIST_FILE = MiriamMessagesTests/Info.plist;
				LD_RUNPATH_SEARCH_PATHS = (
					"$(inherited)",
					"@executable_path/Frameworks",
					"@loader_path/Frameworks",
				);
				PRODUCT_BUNDLE_IDENTIFIER = "$(FLIP_EXTENSION_BUNDLE_ID).tests";
				PRODUCT_BUNDLE_PACKAGE_TYPE = BNDL;
				PRODUCT_NAME = "$(TARGET_NAME)";
				SKIP_INSTALL = YES;
				SWIFT_VERSION = 6.0;
				TARGETED_DEVICE_FAMILY = 1;
				WRAPPER_EXTENSION = xctest;
			};
			name = Debug;
		};
		FLIPCFGTSTREL0000000001 /* Release */ = {
			isa = XCBuildConfiguration;
			buildSettings = {
				CODE_SIGN_IDENTITY = "Apple Development";
				DEBUG_INFORMATION_FORMAT = "dwarf-with-dsym";
				INFOPLIST_FILE = MiriamMessagesTests/Info.plist;
				LD_RUNPATH_SEARCH_PATHS = (
					"$(inherited)",
					"@executable_path/Frameworks",
					"@loader_path/Frameworks",
				);
				PRODUCT_BUNDLE_IDENTIFIER = "$(FLIP_EXTENSION_BUNDLE_ID).tests";
				PRODUCT_BUNDLE_PACKAGE_TYPE = BNDL;
				PRODUCT_NAME = "$(TARGET_NAME)";
				SKIP_INSTALL = YES;
				SWIFT_VERSION = 6.0;
				TARGETED_DEVICE_FAMILY = 1;
				WRAPPER_EXTENSION = xctest;
			};
			name = Release;
		};
/* End XCBuildConfiguration section */

/* Begin XCConfigurationList section */
		FLIPLSTAPP000000000001 /* Build configuration list for PBXNativeTarget "Miriam" */ = {
			isa = XCConfigurationList;
			buildConfigurations = (
				FLIPCFGAPPDBG0000000001 /* Debug */,
				FLIPCFGAPPREL0000000001 /* Release */,
			);
			defaultConfigurationIsVisible = 0;
			defaultConfigurationName = Release;
		};
		FLIPLSTEXT000000000001 /* Build configuration list for PBXNativeTarget "MiriamMessages" */ = {
			isa = XCConfigurationList;
			buildConfigurations = (
				FLIPCFGEXTDBG0000000001 /* Debug */,
				FLIPCFGEXTREL0000000001 /* Release */,
			);
			defaultConfigurationIsVisible = 0;
			defaultConfigurationName = Release;
		};
		FLIPLSTPROJ000000000001 /* Build configuration list for PBXProject "Miriam" */ = {
			isa = XCConfigurationList;
			buildConfigurations = (
				FLIPCFGPROJDBG0000000001 /* Debug */,
				FLIPCFGPROJREL0000000001 /* Release */,
			);
			defaultConfigurationIsVisible = 0;
			defaultConfigurationName = Release;
		};
		FLIPLSTTST000000000001 /* Build configuration list for PBXNativeTarget "MiriamMessagesTests" */ = {
			isa = XCConfigurationList;
			buildConfigurations = (
				FLIPCFGTSTDBG0000000001 /* Debug */,
				FLIPCFGTSTREL0000000001 /* Release */,
			);
			defaultConfigurationIsVisible = 0;
			defaultConfigurationName = Release;
		};
/* End XCConfigurationList section */
	};
	rootObject = FLIPPROJ00000000000001 /* Project object */;
}
